
Microsoft Visual Studio Solution File, Format Version 12.00
# Visual Studio Version 16
VisualStudioVersion = 16.0.31613.86
MinimumVisualStudioVersion = 10.0.40219.1
Project("{9A19103F-16F7-4668-BE54-9A1E7A4F7556}") = "Optima detal", "Optima detal++\Optima detal.csproj", "{0CA5064F-43E9-42FB-BB51-4C2350D04869}"
EndProject
Global
	GlobalSection(SolutionConfigurationPlatforms) = preSolution
		Debug|Any CPU = Debug|Any CPU
		Release|Any CPU = Release|Any CPU
	EndGlobalSection
	GlobalSection(ProjectConfigurationPlatforms) = postSolution
		{0CA5064F-43E9-42FB-BB51-4C2350D04869}.Debug|Any CPU.ActiveCfg = Debug|Any CPU
		{0CA5064F-43E9-42FB-BB51-4C2350D04869}.Debug|Any CPU.Build.0 = Debug|Any CPU
		{0CA5064F-43E9-42FB-BB51-4C2350D04869}.Release|Any CPU.ActiveCfg = Release|Any CPU
		{0CA5064F-43E9-42FB-BB51-4C2350D04869}.Release|Any CPU.Build.0 = Release|Any CPU
	EndGlobalSection
	GlobalSection(SolutionProperties) = preSolution
		HideSolutionNode = FALSE
	EndGlobalSection
	GlobalSection(ExtensibilityGlobals) = postSolution
		SolutionGuid = {F20BC8BE-AEBC-4F7E-AB24-638F693308A2}
	EndGlobalSection
EndGlobal
